
Microsoft Visual Studio Solution File, Format Version 12.00
# Visual Studio 15
VisualStudioVersion = 15.0.27428.2011
MinimumVisualStudioVersion = 10.0.40219.1
Project("{FAE04EC0-301F-11D3-BF4B-00C04F79EFBC}") = "BluetoothUwpDesktop", "BluetoothUwpDesktop\BluetoothUwpDesktop.csproj", "{AA10AFF7-B5A2-44FA-9B7E-373049463ADE}"
EndProject
Project("{FAE04EC0-301F-11D3-BF4B-00C04F79EFBC}") = "MyidBluetoothCredentialProvider", "MyidBluetoothCredentialProvider\MyidBluetoothCredentialProvider.csproj", "{6C8807C1-FBB3-4389-895E-F46B18B24E80}"
EndProject
Project("{FAE04EC0-301F-11D3-BF4B-00C04F79EFBC}") = "TestConsoleApp", "TestConsoleApp\TestConsoleApp.csproj", "{526F390F-E03D-4A41-BDC7-2A07BA5B1304}"
	ProjectSection(ProjectDependencies) = postProject
		{6C8807C1-FBB3-4389-895E-F46B18B24E80} = {6C8807C1-FBB3-4389-895E-F46B18B24E80}
	EndProjectSection
EndProject
Project("{2150E333-8FDC-42A3-9474-1A3956D46DE8}") = "KSP", "KSP", "{BDDD2E95-93A2-4643-B5E7-AD5E75851236}"
EndProject
Project("{8BC9CEB8-8B4A-11D0-8D11-00A0C91BC942}") = "InstallPhoneKSP", "KeyStorageProvider\InstallPhoneKSP\InstallPhoneKSP.vcxproj", "{146B42F9-41C7-462E-8BF7-44FC08FDED24}"
EndProject
Project("{FAE04EC0-301F-11D3-BF4B-00C04F79EFBC}") = "MyidBlueKsp", "KeyStorageProvider\MyidBlueKsp\MyidBlueKsp.csproj", "{BACB4A4B-E8FF-4881-BD3F-0E4E99F52034}"
EndProject
Project("{8BC9CEB8-8B4A-11D0-8D11-00A0C91BC942}") = "PhoneKSP", "KeyStorageProvider\PhoneKSP\PhoneKSP.vcxproj", "{5C423F7B-6C41-4C9D-8F6D-6873978170E5}"
EndProject
Project("{8BC9CEB8-8B4A-11D0-8D11-00A0C91BC942}") = "BlueKspInterface", "BlueKspInterface\BlueKspInterface.vcxproj", "{9B5DC3B5-B0C3-4707-9D11-1775D544189A}"
EndProject
Global
	GlobalSection(SolutionConfigurationPlatforms) = preSolution
		Debug_UML|Any CPU = Debug_UML|Any CPU
		Debug_UML|x64 = Debug_UML|x64
		Debug_UML|x86 = Debug_UML|x86
		Debug|Any CPU = Debug|Any CPU
		Debug|x64 = Debug|x64
		Debug|x86 = Debug|x86
		Release_UML|Any CPU = Release_UML|Any CPU
		Release_UML|x64 = Release_UML|x64
		Release_UML|x86 = Release_UML|x86
		Release|Any CPU = Release|Any CPU
		Release|x64 = Release|x64
		Release|x86 = Release|x86
	EndGlobalSection
	GlobalSection(ProjectConfigurationPlatforms) = postSolution
		{AA10AFF7-B5A2-44FA-9B7E-373049463ADE}.Debug_UML|Any CPU.ActiveCfg = Debug|Any CPU
		{AA10AFF7-B5A2-44FA-9B7E-373049463ADE}.Debug_UML|Any CPU.Build.0 = Debug|Any CPU
		{AA10AFF7-B5A2-44FA-9B7E-373049463ADE}.Debug_UML|x64.ActiveCfg = Debug|Any CPU
		{AA10AFF7-B5A2-44FA-9B7E-373049463ADE}.Debug_UML|x64.Build.0 = Debug|Any CPU
		{AA10AFF7-B5A2-44FA-9B7E-373049463ADE}.Debug_UML|x86.ActiveCfg = Debug|Any CPU
		{AA10AFF7-B5A2-44FA-9B7E-373049463ADE}.Debug_UML|x86.Build.0 = Debug|Any CPU
		{AA10AFF7-B5A2-44FA-9B7E-373049463ADE}.Debug|Any CPU.ActiveCfg = Debug|Any CPU
		{AA10AFF7-B5A2-44FA-9B7E-373049463ADE}.Debug|x64.ActiveCfg = Debug|Any CPU
		{AA10AFF7-B5A2-44FA-9B7E-373049463ADE}.Debug|x86.ActiveCfg = Debug|Any CPU
		{AA10AFF7-B5A2-44FA-9B7E-373049463ADE}.Release_UML|Any CPU.ActiveCfg = Release|Any CPU
		{AA10AFF7-B5A2-44FA-9B7E-373049463ADE}.Release_UML|Any CPU.Build.0 = Release|Any CPU
		{AA10AFF7-B5A2-44FA-9B7E-373049463ADE}.Release_UML|x64.ActiveCfg = Release|Any CPU
		{AA10AFF7-B5A2-44FA-9B7E-373049463ADE}.Release_UML|x64.Build.0 = Release|Any CPU
		{AA10AFF7-B5A2-44FA-9B7E-373049463ADE}.Release_UML|x86.ActiveCfg = Release|Any CPU
		{AA10AFF7-B5A2-44FA-9B7E-373049463ADE}.Release_UML|x86.Build.0 = Release|Any CPU
		{AA10AFF7-B5A2-44FA-9B7E-373049463ADE}.Release|Any CPU.ActiveCfg = Release|Any CPU
		{AA10AFF7-B5A2-44FA-9B7E-373049463ADE}.Release|Any CPU.Build.0 = Release|Any CPU
		{AA10AFF7-B5A2-44FA-9B7E-373049463ADE}.Release|x64.ActiveCfg = Release|Any CPU
		{AA10AFF7-B5A2-44FA-9B7E-373049463ADE}.Release|x64.Build.0 = Release|Any CPU
		{AA10AFF7-B5A2-44FA-9B7E-373049463ADE}.Release|x86.ActiveCfg = Release|Any CPU
		{AA10AFF7-B5A2-44FA-9B7E-373049463ADE}.Release|x86.Build.0 = Release|Any CPU
		{6C8807C1-FBB3-4389-895E-F46B18B24E80}.Debug_UML|Any CPU.ActiveCfg = Debug|Any CPU
		{6C8807C1-FBB3-4389-895E-F46B18B24E80}.Debug_UML|Any CPU.Build.0 = Debug|Any CPU
		{6C8807C1-FBB3-4389-895E-F46B18B24E80}.Debug_UML|x64.ActiveCfg = Debug|Any CPU
		{6C8807C1-FBB3-4389-895E-F46B18B24E80}.Debug_UML|x64.Build.0 = Debug|Any CPU
		{6C8807C1-FBB3-4389-895E-F46B18B24E80}.Debug_UML|x86.ActiveCfg = Debug|Any CPU
		{6C8807C1-FBB3-4389-895E-F46B18B24E80}.Debug_UML|x86.Build.0 = Debug|Any CPU
		{6C8807C1-FBB3-4389-895E-F46B18B24E80}.Debug|Any CPU.ActiveCfg = Debug|Any CPU
		{6C8807C1-FBB3-4389-895E-F46B18B24E80}.Debug|x64.ActiveCfg = Debug|Any CPU
		{6C8807C1-FBB3-4389-895E-F46B18B24E80}.Debug|x86.ActiveCfg = Debug|Any CPU
		{6C8807C1-FBB3-4389-895E-F46B18B24E80}.Release_UML|Any CPU.ActiveCfg = Release|Any CPU
		{6C8807C1-FBB3-4389-895E-F46B18B24E80}.Release_UML|Any CPU.Build.0 = Release|Any CPU
		{6C8807C1-FBB3-4389-895E-F46B18B24E80}.Release_UML|x64.ActiveCfg = Release|Any CPU
		{6C8807C1-FBB3-4389-895E-F46B18B24E80}.Release_UML|x64.Build.0 = Release|Any CPU
		{6C8807C1-FBB3-4389-895E-F46B18B24E80}.Release_UML|x86.ActiveCfg = Release|Any CPU
		{6C8807C1-FBB3-4389-895E-F46B18B24E80}.Release_UML|x86.Build.0 = Release|Any CPU
		{6C8807C1-FBB3-4389-895E-F46B18B24E80}.Release|Any CPU.ActiveCfg = Release|Any CPU
		{6C8807C1-FBB3-4389-895E-F46B18B24E80}.Release|Any CPU.Build.0 = Release|Any CPU
		{6C8807C1-FBB3-4389-895E-F46B18B24E80}.Release|x64.ActiveCfg = Release|Any CPU
		{6C8807C1-FBB3-4389-895E-F46B18B24E80}.Release|x64.Build.0 = Release|Any CPU
		{6C8807C1-FBB3-4389-895E-F46B18B24E80}.Release|x86.ActiveCfg = Release|Any CPU
		{6C8807C1-FBB3-4389-895E-F46B18B24E80}.Release|x86.Build.0 = Release|Any CPU
		{526F390F-E03D-4A41-BDC7-2A07BA5B1304}.Debug_UML|Any CPU.ActiveCfg = Debug|Any CPU
		{526F390F-E03D-4A41-BDC7-2A07BA5B1304}.Debug_UML|Any CPU.Build.0 = Debug|Any CPU
		{526F390F-E03D-4A41-BDC7-2A07BA5B1304}.Debug_UML|x64.ActiveCfg = Debug|Any CPU
		{526F390F-E03D-4A41-BDC7-2A07BA5B1304}.Debug_UML|x64.Build.0 = Debug|Any CPU
		{526F390F-E03D-4A41-BDC7-2A07BA5B1304}.Debug_UML|x86.ActiveCfg = Debug|Any CPU
		{526F390F-E03D-4A41-BDC7-2A07BA5B1304}.Debug_UML|x86.Build.0 = Debug|Any CPU
		{526F390F-E03D-4A41-BDC7-2A07BA5B1304}.Debug|Any CPU.ActiveCfg = Debug|Any CPU
		{526F390F-E03D-4A41-BDC7-2A07BA5B1304}.Debug|x64.ActiveCfg = Debug|Any CPU
		{526F390F-E03D-4A41-BDC7-2A07BA5B1304}.Debug|x86.ActiveCfg = Debug|x86
		{526F390F-E03D-4A41-BDC7-2A07BA5B1304}.Debug|x86.Build.0 = Debug|x86
		{526F390F-E03D-4A41-BDC7-2A07BA5B1304}.Release_UML|Any CPU.ActiveCfg = Release|Any CPU
		{526F390F-E03D-4A41-BDC7-2A07BA5B1304}.Release_UML|Any CPU.Build.0 = Release|Any CPU
		{526F390F-E03D-4A41-BDC7-2A07BA5B1304}.Release_UML|x64.ActiveCfg = Release|Any CPU
		{526F390F-E03D-4A41-BDC7-2A07BA5B1304}.Release_UML|x64.Build.0 = Release|Any CPU
		{526F390F-E03D-4A41-BDC7-2A07BA5B1304}.Release_UML|x86.ActiveCfg = Release|Any CPU
		{526F390F-E03D-4A41-BDC7-2A07BA5B1304}.Release_UML|x86.Build.0 = Release|Any CPU
		{526F390F-E03D-4A41-BDC7-2A07BA5B1304}.Release|Any CPU.ActiveCfg = Release|Any CPU
		{526F390F-E03D-4A41-BDC7-2A07BA5B1304}.Release|Any CPU.Build.0 = Release|Any CPU
		{526F390F-E03D-4A41-BDC7-2A07BA5B1304}.Release|x64.ActiveCfg = Release|Any CPU
		{526F390F-E03D-4A41-BDC7-2A07BA5B1304}.Release|x64.Build.0 = Release|Any CPU
		{526F390F-E03D-4A41-BDC7-2A07BA5B1304}.Release|x86.ActiveCfg = Release|Any CPU
		{526F390F-E03D-4A41-BDC7-2A07BA5B1304}.Release|x86.Build.0 = Release|Any CPU
		{146B42F9-41C7-462E-8BF7-44FC08FDED24}.Debug_UML|Any CPU.ActiveCfg = Debug_UML|Win32
		{146B42F9-41C7-462E-8BF7-44FC08FDED24}.Debug_UML|x64.ActiveCfg = Debug_UML|x64
		{146B42F9-41C7-462E-8BF7-44FC08FDED24}.Debug_UML|x64.Build.0 = Debug_UML|x64
		{146B42F9-41C7-462E-8BF7-44FC08FDED24}.Debug_UML|x86.ActiveCfg = Debug_UML|Win32
		{146B42F9-41C7-462E-8BF7-44FC08FDED24}.Debug_UML|x86.Build.0 = Debug_UML|Win32
		{146B42F9-41C7-462E-8BF7-44FC08FDED24}.Debug|Any CPU.ActiveCfg = Debug_UML|x64
		{146B42F9-41C7-462E-8BF7-44FC08FDED24}.Debug|x64.ActiveCfg = Debug_UML|x64
		{146B42F9-41C7-462E-8BF7-44FC08FDED24}.Debug|x86.ActiveCfg = Debug_UML|Win32
		{146B42F9-41C7-462E-8BF7-44FC08FDED24}.Release_UML|Any CPU.ActiveCfg = Release_UML|Win32
		{146B42F9-41C7-462E-8BF7-44FC08FDED24}.Release_UML|x64.ActiveCfg = Release_UML|x64
		{146B42F9-41C7-462E-8BF7-44FC08FDED24}.Release_UML|x64.Build.0 = Release_UML|x64
		{146B42F9-41C7-462E-8BF7-44FC08FDED24}.Release_UML|x86.ActiveCfg = Release_UML|Win32
		{146B42F9-41C7-462E-8BF7-44FC08FDED24}.Release_UML|x86.Build.0 = Release_UML|Win32
		{146B42F9-41C7-462E-8BF7-44FC08FDED24}.Release|Any CPU.ActiveCfg = Debug_UML|x64
		{146B42F9-41C7-462E-8BF7-44FC08FDED24}.Release|Any CPU.Build.0 = Debug_UML|x64
		{146B42F9-41C7-462E-8BF7-44FC08FDED24}.Release|x64.ActiveCfg = Release_UML|x64
		{146B42F9-41C7-462E-8BF7-44FC08FDED24}.Release|x64.Build.0 = Release_UML|x64
		{146B42F9-41C7-462E-8BF7-44FC08FDED24}.Release|x86.ActiveCfg = Release_UML|Win32
		{146B42F9-41C7-462E-8BF7-44FC08FDED24}.Release|x86.Build.0 = Release_UML|Win32
		{BACB4A4B-E8FF-4881-BD3F-0E4E99F52034}.Debug_UML|Any CPU.ActiveCfg = Debug|Any CPU
		{BACB4A4B-E8FF-4881-BD3F-0E4E99F52034}.Debug_UML|Any CPU.Build.0 = Debug|Any CPU
		{BACB4A4B-E8FF-4881-BD3F-0E4E99F52034}.Debug_UML|x64.ActiveCfg = Debug|Any CPU
		{BACB4A4B-E8FF-4881-BD3F-0E4E99F52034}.Debug_UML|x64.Build.0 = Debug|Any CPU
		{BACB4A4B-E8FF-4881-BD3F-0E4E99F52034}.Debug_UML|x86.ActiveCfg = Debug|Any CPU
		{BACB4A4B-E8FF-4881-BD3F-0E4E99F52034}.Debug_UML|x86.Build.0 = Debug|Any CPU
		{BACB4A4B-E8FF-4881-BD3F-0E4E99F52034}.Debug|Any CPU.ActiveCfg = Debug|Any CPU
		{BACB4A4B-E8FF-4881-BD3F-0E4E99F52034}.Debug|Any CPU.Build.0 = Debug|Any CPU
		{BACB4A4B-E8FF-4881-BD3F-0E4E99F52034}.Debug|x64.ActiveCfg = Debug|Any CPU
		{BACB4A4B-E8FF-4881-BD3F-0E4E99F52034}.Debug|x64.Build.0 = Debug|Any CPU
		{BACB4A4B-E8FF-4881-BD3F-0E4E99F52034}.Debug|x86.ActiveCfg = Debug|Any CPU
		{BACB4A4B-E8FF-4881-BD3F-0E4E99F52034}.Release_UML|Any CPU.ActiveCfg = Release|Any CPU
		{BACB4A4B-E8FF-4881-BD3F-0E4E99F52034}.Release_UML|Any CPU.Build.0 = Release|Any CPU
		{BACB4A4B-E8FF-4881-BD3F-0E4E99F52034}.Release_UML|x64.ActiveCfg = Release|Any CPU
		{BACB4A4B-E8FF-4881-BD3F-0E4E99F52034}.Release_UML|x64.Build.0 = Release|Any CPU
		{BACB4A4B-E8FF-4881-BD3F-0E4E99F52034}.Release_UML|x86.ActiveCfg = Release|Any CPU
		{BACB4A4B-E8FF-4881-BD3F-0E4E99F52034}.Release_UML|x86.Build.0 = Release|Any CPU
		{BACB4A4B-E8FF-4881-BD3F-0E4E99F52034}.Release|Any CPU.ActiveCfg = Release|Any CPU
		{BACB4A4B-E8FF-4881-BD3F-0E4E99F52034}.Release|Any CPU.Build.0 = Release|Any CPU
		{BACB4A4B-E8FF-4881-BD3F-0E4E99F52034}.Release|x64.ActiveCfg = Release|Any CPU
		{BACB4A4B-E8FF-4881-BD3F-0E4E99F52034}.Release|x64.Build.0 = Release|Any CPU
		{BACB4A4B-E8FF-4881-BD3F-0E4E99F52034}.Release|x86.ActiveCfg = Release|Any CPU
		{BACB4A4B-E8FF-4881-BD3F-0E4E99F52034}.Release|x86.Build.0 = Release|Any CPU
		{5C423F7B-6C41-4C9D-8F6D-6873978170E5}.Debug_UML|Any CPU.ActiveCfg = Debug_UML|Win32
		{5C423F7B-6C41-4C9D-8F6D-6873978170E5}.Debug_UML|x64.ActiveCfg = Debug_UML|x64
		{5C423F7B-6C41-4C9D-8F6D-6873978170E5}.Debug_UML|x64.Build.0 = Debug_UML|x64
		{5C423F7B-6C41-4C9D-8F6D-6873978170E5}.Debug_UML|x86.ActiveCfg = Debug_UML|Win32
		{5C423F7B-6C41-4C9D-8F6D-6873978170E5}.Debug_UML|x86.Build.0 = Debug_UML|Win32
		{5C423F7B-6C41-4C9D-8F6D-6873978170E5}.Debug|Any CPU.ActiveCfg = Debug_UML|x64
		{5C423F7B-6C41-4C9D-8F6D-6873978170E5}.Debug|Any CPU.Build.0 = Debug_UML|x64
		{5C423F7B-6C41-4C9D-8F6D-6873978170E5}.Debug|x64.ActiveCfg = Debug_UML|x64
		{5C423F7B-6C41-4C9D-8F6D-6873978170E5}.Debug|x64.Build.0 = Debug_UML|x64
		{5C423F7B-6C41-4C9D-8F6D-6873978170E5}.Debug|x86.ActiveCfg = Debug_UML|Win32
		{5C423F7B-6C41-4C9D-8F6D-6873978170E5}.Release_UML|Any CPU.ActiveCfg = Release_UML|Win32
		{5C423F7B-6C41-4C9D-8F6D-6873978170E5}.Release_UML|x64.ActiveCfg = Release_UML|x64
		{5C423F7B-6C41-4C9D-8F6D-6873978170E5}.Release_UML|x64.Build.0 = Release_UML|x64
		{5C423F7B-6C41-4C9D-8F6D-6873978170E5}.Release_UML|x86.ActiveCfg = Release_UML|Win32
		{5C423F7B-6C41-4C9D-8F6D-6873978170E5}.Release_UML|x86.Build.0 = Release_UML|Win32
		{5C423F7B-6C41-4C9D-8F6D-6873978170E5}.Release|Any CPU.ActiveCfg = Debug_UML|x64
		{5C423F7B-6C41-4C9D-8F6D-6873978170E5}.Release|Any CPU.Build.0 = Debug_UML|x64
		{5C423F7B-6C41-4C9D-8F6D-6873978170E5}.Release|x64.ActiveCfg = Release_UML|x64
		{5C423F7B-6C41-4C9D-8F6D-6873978170E5}.Release|x64.Build.0 = Release_UML|x64
		{5C423F7B-6C41-4C9D-8F6D-6873978170E5}.Release|x86.ActiveCfg = Release_UML|Win32
		{5C423F7B-6C41-4C9D-8F6D-6873978170E5}.Release|x86.Build.0 = Release_UML|Win32
		{9B5DC3B5-B0C3-4707-9D11-1775D544189A}.Debug_UML|Any CPU.ActiveCfg = Release|x64
		{9B5DC3B5-B0C3-4707-9D11-1775D544189A}.Debug_UML|Any CPU.Build.0 = Release|x64
		{9B5DC3B5-B0C3-4707-9D11-1775D544189A}.Debug_UML|x64.ActiveCfg = Debug|x64
		{9B5DC3B5-B0C3-4707-9D11-1775D544189A}.Debug_UML|x64.Build.0 = Debug|x64
		{9B5DC3B5-B0C3-4707-9D11-1775D544189A}.Debug_UML|x86.ActiveCfg = Debug|Win32
		{9B5DC3B5-B0C3-4707-9D11-1775D544189A}.Debug_UML|x86.Build.0 = Debug|Win32
		{9B5DC3B5-B0C3-4707-9D11-1775D544189A}.Debug|Any CPU.ActiveCfg = Debug|Win32
		{9B5DC3B5-B0C3-4707-9D11-1775D544189A}.Debug|Any CPU.Build.0 = Debug|Win32
		{9B5DC3B5-B0C3-4707-9D11-1775D544189A}.Debug|x64.ActiveCfg = Debug|x64
		{9B5DC3B5-B0C3-4707-9D11-1775D544189A}.Debug|x64.Build.0 = Debug|x64
		{9B5DC3B5-B0C3-4707-9D11-1775D544189A}.Debug|x86.ActiveCfg = Debug|Win32
		{9B5DC3B5-B0C3-4707-9D11-1775D544189A}.Release_UML|Any CPU.ActiveCfg = Release|x64
		{9B5DC3B5-B0C3-4707-9D11-1775D544189A}.Release_UML|Any CPU.Build.0 = Release|x64
		{9B5DC3B5-B0C3-4707-9D11-1775D544189A}.Release_UML|x64.ActiveCfg = Release|x64
		{9B5DC3B5-B0C3-4707-9D11-1775D544189A}.Release_UML|x64.Build.0 = Release|x64
		{9B5DC3B5-B0C3-4707-9D11-1775D544189A}.Release_UML|x86.ActiveCfg = Release|Win32
		{9B5DC3B5-B0C3-4707-9D11-1775D544189A}.Release_UML|x86.Build.0 = Release|Win32
		{9B5DC3B5-B0C3-4707-9D11-1775D544189A}.Release|Any CPU.ActiveCfg = Release|Win32
		{9B5DC3B5-B0C3-4707-9D11-1775D544189A}.Release|x64.ActiveCfg = Release|x64
		{9B5DC3B5-B0C3-4707-9D11-1775D544189A}.Release|x64.Build.0 = Release|x64
		{9B5DC3B5-B0C3-4707-9D11-1775D544189A}.Release|x86.ActiveCfg = Release|Win32
		{9B5DC3B5-B0C3-4707-9D11-1775D544189A}.Release|x86.Build.0 = Release|Win32
	EndGlobalSection
	GlobalSection(SolutionProperties) = preSolution
		HideSolutionNode = FALSE
	EndGlobalSection
	GlobalSection(NestedProjects) = preSolution
		{146B42F9-41C7-462E-8BF7-44FC08FDED24} = {BDDD2E95-93A2-4643-B5E7-AD5E75851236}
		{BACB4A4B-E8FF-4881-BD3F-0E4E99F52034} = {BDDD2E95-93A2-4643-B5E7-AD5E75851236}
		{5C423F7B-6C41-4C9D-8F6D-6873978170E5} = {BDDD2E95-93A2-4643-B5E7-AD5E75851236}
		{9B5DC3B5-B0C3-4707-9D11-1775D544189A} = {BDDD2E95-93A2-4643-B5E7-AD5E75851236}
	EndGlobalSection
	GlobalSection(ExtensibilityGlobals) = postSolution
		SolutionGuid = {7F917CD7-4A31-4B45-997D-E8683A9BDCCF}
	EndGlobalSection
EndGlobal
